{
  "name": "weather",
  "version": "1.0.0",
  "lockfileVersion": 1,
  "requires": true,
  "dependencies": {
    "@types/geojson": {
      "version": "7946.0.7",
      "resolved": "https://registry.npmjs.org/@types/geojson/-/geojson-7946.0.7.tgz",
      "integrity": "sha512-wE2v81i4C4Ol09RtsWFAqg3BUitWbHSpSlIo+bNdsCJijO9sjme+zm+73ZMCa/qMC8UEERxzGbvmr1cffo2SiQ==",
      "dev": true
    },
    "@types/leaflet": {
      "version": "1.4.4",
      "resolved": "https://registry.npmjs.org/@types/leaflet/-/leaflet-1.4.4.tgz",
      "integrity": "sha512-CROxHvsRDFyR1OQKZv/WJsCVFv8Wj6wFF/FOI/yiGwX7GMivyvF8Ks5AT3/JYk269pGiE43wP9JOgcr7EK2eUw==",
      "dev": true,
      "requires": {
        "@types/geojson": "*"
      }
    },
    "@types/lodash": {
      "version": "4.14.126",
      "resolved": "https://registry.npmjs.org/@types/lodash/-/lodash-4.14.126.tgz",
      "integrity": "sha512-HxQ+wQnBtnL0LszZrVdMqWIlzZNyKuMLUb6swQ3mo6ysPqpAu7gfnapCQIi0B+Mrf0fNLZh8AWgJs2njejVasg==",
      "dev": true
    },
    "@types/node": {
      "version": "12.0.0",
      "resolved": "https://registry.npmjs.org/@types/node/-/node-12.0.0.tgz",
      "integrity": "sha512-Jrb/x3HT4PTJp6a4avhmJCDEVrPdqLfl3e8GGMbpkGGdwAV5UGlIs4vVEfsHHfylZVOKZWpOqmqFH8CbfOZ6kg==",
      "dev": true
    },
    "@types/node-fetch": {
      "version": "2.3.3",
      "resolved": "https://registry.npmjs.org/@types/node-fetch/-/node-fetch-2.3.3.tgz",
      "integrity": "sha512-MIplfRxrDTsIbOLGyFqNWTmxho5Fs710Kul35tEcaqkx9He86mGbSCDvILL0LCMfmm+oJ8tDg51crE9+pJGgiQ==",
      "dev": true,
      "requires": {
        "@types/node": "*"
      }
    },
    "lodash": {
      "version": "4.17.15",
      "resolved": "https://registry.npmjs.org/lodash/-/lodash-4.17.15.tgz",
      "integrity": "sha512-8xOcRHvCjnocdS5cpwXQXVzmmh5e5+saE2QGoeQmbKmRS6J3VQppPOIt0MnmE+4xlZoumy0GPG0D0MVIQbNA1A=="
    },
    "node-fetch": {
      "version": "2.5.0",
      "resolved": "https://registry.npmjs.org/node-fetch/-/node-fetch-2.5.0.tgz",
      "integrity": "sha512-YuZKluhWGJwCcUu4RlZstdAxr8bFfOVHakc1mplwHkk8J+tqM1Y5yraYvIUpeX8aY7+crCwiELJq7Vl0o0LWXw=="
    }
  }
}
